
Microsoft Visual Studio Solution File, Format Version 12.00
# Visual Studio Version 16
VisualStudioVersion = 16.0.30907.101
MinimumVisualStudioVersion = 10.0.40219.1
Project("{9A19103F-16F7-4668-BE54-9A1E7A4F7556}") = "Truck_API", "Truck_API\Truck_API.csproj", "{FEF087C2-3CB7-4B3F-9CA5-990B128D0D0D}"
EndProject
Project("{9A19103F-16F7-4668-BE54-9A1E7A4F7556}") = "Truck_Web", "Truck_Web\Truck_Web.csproj", "{3BA50CDE-02BC-4890-A953-D540E6604AB4}"
EndProject
Global
	GlobalSection(SolutionConfigurationPlatforms) = preSolution
		Debug|Any CPU = Debug|Any CPU
		Release|Any CPU = Release|Any CPU
	EndGlobalSection
	GlobalSection(ProjectConfigurationPlatforms) = postSolution
		{FEF087C2-3CB7-4B3F-9CA5-990B128D0D0D}.Debug|Any CPU.ActiveCfg = Debug|Any CPU
		{FEF087C2-3CB7-4B3F-9CA5-990B128D0D0D}.Debug|Any CPU.Build.0 = Debug|Any CPU
		{FEF087C2-3CB7-4B3F-9CA5-990B128D0D0D}.Release|Any CPU.ActiveCfg = Release|Any CPU
		{FEF087C2-3CB7-4B3F-9CA5-990B128D0D0D}.Release|Any CPU.Build.0 = Release|Any CPU
		{3BA50CDE-02BC-4890-A953-D540E6604AB4}.Debug|Any CPU.ActiveCfg = Debug|Any CPU
		{3BA50CDE-02BC-4890-A953-D540E6604AB4}.Debug|Any CPU.Build.0 = Debug|Any CPU
		{3BA50CDE-02BC-4890-A953-D540E6604AB4}.Release|Any CPU.ActiveCfg = Release|Any CPU
		{3BA50CDE-02BC-4890-A953-D540E6604AB4}.Release|Any CPU.Build.0 = Release|Any CPU
	EndGlobalSection
	GlobalSection(SolutionProperties) = preSolution
		HideSolutionNode = FALSE
	EndGlobalSection
	GlobalSection(ExtensibilityGlobals) = postSolution
		SolutionGuid = {0E3213F8-5568-4FDC-AD23-A91648E9E126}
	EndGlobalSection
EndGlobal
